PODS:
  - UIAlertController-BetterConstructor (0.1.1)

DEPENDENCIES:
  - UIAlertController-BetterConstructor (from `../`)

EXTERNAL SOURCES:
  UIAlertController-BetterConstructor:
    :path: "../"

SPEC CHECKSUMS:
  UIAlertController-BetterConstructor: 7e4c138e64d6ef0b59f1482df6a47a09fbaf46e2

PODFILE CHECKSUM: d790d715a71edb569aaf0f7fe9dd17411b7bf5bc

COCOAPODS: 1.2.0
